// !$*UTF8*$!
{
	archiveVersion = 1;
	classes = {
	};
	objectVersion = 50;
	objects = {

/* Begin PBXBuildFile section */
		412281242573084A00FE373B /* KanaCronoApp.swift in Sources */ = {isa = PBXBuildFile; fileRef = 412281232573084A00FE373B /* KanaCronoApp.swift */; };
		412281262573084A00FE373B /* ContentView.swift in Sources */ = {isa = PBXBuildFile; fileRef = 412281252573084A00FE373B /* ContentView.swift */; };
		412281282573084B00FE373B /* Assets.xcassets in Resources */ = {isa = PBXBuildFile; fileRef = 412281272573084B00FE373B /* Assets.xcassets */; };
		4122812B2573084B00FE373B /* Preview Assets.xcassets in Resources */ = {isa = PBXBuildFile; fileRef = 4122812A2573084B00FE373B /* Preview Assets.xcassets */; };
		4122813425730E5E00FE373B /* Silabarios.swift in Sources */ = {isa = PBXBuildFile; fileRef = 4122813325730E5E00FE373B /* Silabarios.swift */; };
		412727312573B0BF00C79819 /* Config.swift in Sources */ = {isa = PBXBuildFile; fileRef = 412727302573B0BF00C79819 /* Config.swift */; };
		412727352573B0EB00C79819 /* Selectores.swift in Sources */ = {isa = PBXBuildFile; fileRef = 412727342573B0EB00C79819 /* Selectores.swift */; };
		412727382573B26F00C79819 /* OpcionesVisibilidad.swift in Sources */ = {isa = PBXBuildFile; fileRef = 412727372573B26F00C79819 /* OpcionesVisibilidad.swift */; };
		4127273D2574369000C79819 /* Kana.swift in Sources */ = {isa = PBXBuildFile; fileRef = 4127273C2574369000C79819 /* Kana.swift */; };
		415EBF43258FCA8900FDF680 /* KanaCronoUITests.swift in Sources */ = {isa = PBXBuildFile; fileRef = 415EBF42258FCA8900FDF680 /* KanaCronoUITests.swift */; };
		41B0D361258E3615001B9C36 /* Romaji.swift in Sources */ = {isa = PBXBuildFile; fileRef = 41B0D360258E3615001B9C36 /* Romaji.swift */; };
		41CF4036258F618900A9D78F /* Reloj.swift in Sources */ = {isa = PBXBuildFile; fileRef = 41CF4035258F618900A9D78F /* Reloj.swift */; };
		41CF403D258F6A7600A9D78F /* StepperSegundos.swift in Sources */ = {isa = PBXBuildFile; fileRef = 41CF403C258F6A7600A9D78F /* StepperSegundos.swift */; };
/* End PBXBuildFile section */

/* Begin PBXContainerItemProxy section */
		415EBF45258FCA8900FDF680 /* PBXContainerItemProxy */ = {
			isa = PBXContainerItemProxy;
			containerPortal = 412281182573084A00FE373B /* Project object */;
			proxyType = 1;
			remoteGlobalIDString = 4122811F2573084A00FE373B;
			remoteInfo = KanaCrono;
		};
/* End PBXContainerItemProxy section */

/* Begin PBXFileReference section */
		412281202573084A00FE373B /* KanaCrono.app */ = {isa = PBXFileReference; explicitFileType = wrapper.application; includeInIndex = 0; path = KanaCrono.app; sourceTree = BUILT_PRODUCTS_DIR; };
		412281232573084A00FE373B /* KanaCronoApp.swift */ = {isa = PBXFileReference; lastKnownFileType = sourcecode.swift; path = KanaCronoApp.swift; sourceTree = "<group>"; };
		412281252573084A00FE373B /* ContentView.swift */ = {isa = PBXFileReference; lastKnownFileType = sourcecode.swift; path = ContentView.swift; sourceTree = "<group>"; };
		412281272573084B00FE373B /* Assets.xcassets */ = {isa = PBXFileReference; lastKnownFileType = folder.assetcatalog; path = Assets.xcassets; sourceTree = "<group>"; };
		4122812A2573084B00FE373B /* Preview Assets.xcassets */ = {isa = PBXFileReference; lastKnownFileType = folder.assetcatalog; path = "Preview Assets.xcassets"; sourceTree = "<group>"; };
		4122812C2573084B00FE373B /* Info.plist */ = {isa = PBXFileReference; lastKnownFileType = text.plist.xml; path = Info.plist; sourceTree = "<group>"; };
		4122813325730E5E00FE373B /* Silabarios.swift */ = {isa = PBXFileReference; fileEncoding = 4; lastKnownFileType = sourcecode.swift; path = Silabarios.swift; sourceTree = "<group>"; };
		412727302573B0BF00C79819 /* Config.swift */ = {isa = PBXFileReference; lastKnownFileType = sourcecode.swift; path = Config.swift; sourceTree = "<group>"; };
		412727342573B0EB00C79819 /* Selectores.swift */ = {isa = PBXFileReference; lastKnownFileType = sourcecode.swift; path = Selectores.swift; sourceTree = "<group>"; };
		412727372573B26F00C79819 /* OpcionesVisibilidad.swift */ = {isa = PBXFileReference; lastKnownFileType = sourcecode.swift; path = OpcionesVisibilidad.swift; sourceTree = "<group>"; };
		4127273C2574369000C79819 /* Kana.swift */ = {isa = PBXFileReference; lastKnownFileType = sourcecode.swift; path = Kana.swift; sourceTree = "<group>"; };
		415EBF40258FCA8900FDF680 /* KanaCronoUITests.xctest */ = {isa = PBXFileReference; explicitFileType = wrapper.cfbundle; includeInIndex = 0; path = KanaCronoUITests.xctest; sourceTree = BUILT_PRODUCTS_DIR; };
		415EBF42258FCA8900FDF680 /* KanaCronoUITests.swift */ = {isa = PBXFileReference; lastKnownFileType = sourcecode.swift; path = KanaCronoUITests.swift; sourceTree = "<group>"; };
		415EBF44258FCA8900FDF680 /* Info.plist */ = {isa = PBXFileReference; lastKnownFileType = text.plist.xml; path = Info.plist; sourceTree = "<group>"; };
		41B0D360258E3615001B9C36 /* Romaji.swift */ = {isa = PBXFileReference; lastKnownFileType = sourcecode.swift; path = Romaji.swift; sourceTree = "<group>"; };
		41CF4035258F618900A9D78F /* Reloj.swift */ = {isa = PBXFileReference; lastKnownFileType = sourcecode.swift; path = Reloj.swift; sourceTree = "<group>"; };
		41CF403C258F6A7600A9D78F /* StepperSegundos.swift */ = {isa = PBXFileReference; lastKnownFileType = sourcecode.swift; path = StepperSegundos.swift; sourceTree = "<group>"; };
/* End PBXFileReference section */

/* Begin PBXFrameworksBuildPhase section */
		4122811D2573084A00FE373B /* Frameworks */ = {
			isa = PBXFrameworksBuildPhase;
			buildActionMask = 2147483647;
			files = (
			);
			runOnlyForDeploymentPostprocessing = 0;
		};
		415EBF3D258FCA8900FDF680 /* Frameworks */ = {
			isa = PBXFrameworksBuildPhase;
			buildActionMask = 2147483647;
			files = (
			);
			runOnlyForDeploymentPostprocessing = 0;
		};
/* End PBXFrameworksBuildPhase section */

/* Begin PBXGroup section */
		412281172573084A00FE373B = {
			isa = PBXGroup;
			children = (
				412281222573084A00FE373B /* KanaCrono */,
				415EBF41258FCA8900FDF680 /* KanaCronoUITests */,
				412281212573084A00FE373B /* Products */,
			);
			sourceTree = "<group>";
		};
		412281212573084A00FE373B /* Products */ = {
			isa = PBXGroup;
			children = (
				412281202573084A00FE373B /* KanaCrono.app */,
				415EBF40258FCA8900FDF680 /* KanaCronoUITests.xctest */,
			);
			name = Products;
			sourceTree = "<group>";
		};
		412281222573084A00FE373B /* KanaCrono */ = {
			isa = PBXGroup;
			children = (
				412281232573084A00FE373B /* KanaCronoApp.swift */,
				412727302573B0BF00C79819 /* Config.swift */,
				412281252573084A00FE373B /* ContentView.swift */,
				4127273A2573B38300C79819 /* Componentes */,
				4122813325730E5E00FE373B /* Silabarios.swift */,
				412281272573084B00FE373B /* Assets.xcassets */,
				4122812C2573084B00FE373B /* Info.plist */,
				412281292573084B00FE373B /* Preview Content */,
			);
			path = KanaCrono;
			sourceTree = "<group>";
		};
		412281292573084B00FE373B /* Preview Content */ = {
			isa = PBXGroup;
			children = (
				4122812A2573084B00FE373B /* Preview Assets.xcassets */,
			);
			path = "Preview Content";
			sourceTree = "<group>";
		};
		4127273A2573B38300C79819 /* Componentes */ = {
			isa = PBXGroup;
			children = (
				412727342573B0EB00C79819 /* Selectores.swift */,
				412727372573B26F00C79819 /* OpcionesVisibilidad.swift */,
				4127273C2574369000C79819 /* Kana.swift */,
				41B0D360258E3615001B9C36 /* Romaji.swift */,
				41CF4035258F618900A9D78F /* Reloj.swift */,
				41CF403C258F6A7600A9D78F /* StepperSegundos.swift */,
			);
			path = Componentes;
			sourceTree = "<group>";
		};
		415EBF41258FCA8900FDF680 /* KanaCronoUITests */ = {
			isa = PBXGroup;
			children = (
				415EBF42258FCA8900FDF680 /* KanaCronoUITests.swift */,
				415EBF44258FCA8900FDF680 /* Info.plist */,
			);
			path = KanaCronoUITests;
			sourceTree = "<group>";
		};
/* End PBXGroup section */

/* Begin PBXNativeTarget section */
		4122811F2573084A00FE373B /* KanaCrono */ = {
			isa = PBXNativeTarget;
			buildConfigurationList = 4122812F2573084B00FE373B /* Build configuration list for PBXNativeTarget "KanaCrono" */;
			buildPhases = (
				4122811C2573084A00FE373B /* Sources */,
				4122811D2573084A00FE373B /* Frameworks */,
				4122811E2573084A00FE373B /* Resources */,
			);
			buildRules = (
			);
			dependencies = (
			);
			name = KanaCrono;
			productName = KanaCrono;
			productReference = 412281202573084A00FE373B /* KanaCrono.app */;
			productType = "com.apple.product-type.application";
		};
		415EBF3F258FCA8900FDF680 /* KanaCronoUITests */ = {
			isa = PBXNativeTarget;
			buildConfigurationList = 415EBF49258FCA8900FDF680 /* Build configuration list for PBXNativeTarget "KanaCronoUITests" */;
			buildPhases = (
				415EBF3C258FCA8900FDF680 /* Sources */,
				415EBF3D258FCA8900FDF680 /* Frameworks */,
				415EBF3E258FCA8900FDF680 /* Resources */,
			);
			buildRules = (
			);
			dependencies = (
				415EBF46258FCA8900FDF680 /* PBXTargetDependency */,
			);
			name = KanaCronoUITests;
			productName = KanaCronoUITests;
			productReference = 415EBF40258FCA8900FDF680 /* KanaCronoUITests.xctest */;
			productType = "com.apple.product-type.bundle.ui-testing";
		};
/* End PBXNativeTarget section */

/* Begin PBXProject section */
		412281182573084A00FE373B /* Project object */ = {
			isa = PBXProject;
			attributes = {
				LastSwiftUpdateCheck = 1230;
				LastUpgradeCheck = 1220;
				TargetAttributes = {
					4122811F2573084A00FE373B = {
						CreatedOnToolsVersion = 12.2;
					};
					415EBF3F258FCA8900FDF680 = {
						CreatedOnToolsVersion = 12.3;
						TestTargetID = 4122811F2573084A00FE373B;
					};
				};
			};
			buildConfigurationList = 4122811B2573084A00FE373B /* Build configuration list for PBXProject "KanaCrono" */;
			compatibilityVersion = "Xcode 9.3";
			developmentRegion = en;
			hasScannedForEncodings = 0;
			knownRegions = (
				en,
				Base,
			);
			mainGroup = 412281172573084A00FE373B;
			productRefGroup = 412281212573084A00FE373B /* Products */;
			projectDirPath = "";
			projectRoot = "";
			targets = (
				4122811F2573084A00FE373B /* KanaCrono */,
				415EBF3F258FCA8900FDF680 /* KanaCronoUITests */,
			);
		};
/* End PBXProject section */

/* Begin PBXResourcesBuildPhase section */
		4122811E2573084A00FE373B /* Resources */ = {
			isa = PBXResourcesBuildPhase;
			buildActionMask = 2147483647;
			files = (
				4122812B2573084B00FE373B /* Preview Assets.xcassets in Resources */,
				412281282573084B00FE373B /* Assets.xcassets in Resources */,
			);
			runOnlyForDeploymentPostprocessing = 0;
		};
		415EBF3E258FCA8900FDF680 /* Resources */ = {
			isa = PBXResourcesBuildPhase;
			buildActionMask = 2147483647;
			files = (
			);
			runOnlyForDeploymentPostprocessing = 0;
		};
/* End PBXResourcesBuildPhase section */

/* Begin PBXSourcesBuildPhase section */
		4122811C2573084A00FE373B /* Sources */ = {
			isa = PBXSourcesBuildPhase;
			buildActionMask = 2147483647;
			files = (
				4122813425730E5E00FE373B /* Silabarios.swift in Sources */,
				41B0D361258E3615001B9C36 /* Romaji.swift in Sources */,
				412727312573B0BF00C79819 /* Config.swift in Sources */,
				412727352573B0EB00C79819 /* Selectores.swift in Sources */,
				412281262573084A00FE373B /* ContentView.swift in Sources */,
				4127273D2574369000C79819 /* Kana.swift in Sources */,
				412727382573B26F00C79819 /* OpcionesVisibilidad.swift in Sources */,
				41CF403D258F6A7600A9D78F /* StepperSegundos.swift in Sources */,
				412281242573084A00FE373B /* KanaCronoApp.swift in Sources */,
				41CF4036258F618900A9D78F /* Reloj.swift in Sources */,
			);
			runOnlyForDeploymentPostprocessing = 0;
		};
		415EBF3C258FCA8900FDF680 /* Sources */ = {
			isa = PBXSourcesBuildPhase;
			buildActionMask = 2147483647;
			files = (
				415EBF43258FCA8900FDF680 /* KanaCronoUITests.swift in Sources */,
			);
			runOnlyForDeploymentPostprocessing = 0;
		};
/* End PBXSourcesBuildPhase section */

/* Begin PBXTargetDependency section */
		415EBF46258FCA8900FDF680 /* PBXTargetDependency */ = {
			isa = PBXTargetDependency;
			target = 4122811F2573084A00FE373B /* KanaCrono */;
			targetProxy = 415EBF45258FCA8900FDF680 /* PBXContainerItemProxy */;
		};
/* End PBXTargetDependency section */

/* Begin XCBuildConfiguration section */
		4122812D2573084B00FE373B /* Debug */ = {
			isa = XCBuildConfiguration;
			buildSettings = {
				ALWAYS_SEARCH_USER_PATHS = NO;
				CLANG_ANALYZER_NONNULL = YES;
				CLANG_ANALYZER_NUMBER_OBJECT_CONVERSION = YES_AGGRESSIVE;
				CLANG_CXX_LANGUAGE_STANDARD = "gnu++14";
				CLANG_CXX_LIBRARY = "libc++";
				CLANG_ENABLE_MODULES = YES;
				CLANG_ENABLE_OBJC_ARC = YES;
				CLANG_ENABLE_OBJC_WEAK = YES;
				CLANG_WARN_BLOCK_CAPTURE_AUTORELEASING = YES;
				CLANG_WARN_BOOL_CONVERSION = YES;
				CLANG_WARN_COMMA = YES;
				CLANG_WARN_CONSTANT_CONVERSION = YES;
				CLANG_WARN_DEPRECATED_OBJC_IMPLEMENTATIONS = YES;
				CLANG_WARN_DIRECT_OBJC_ISA_USAGE = YES_ERROR;
				CLANG_WARN_DOCUMENTATION_COMMENTS = YES;
				CLANG_WARN_EMPTY_BODY = YES;
				CLANG_WARN_ENUM_CONVERSION = YES;
				CLANG_WARN_INFINITE_RECURSION = YES;
				CLANG_WARN_INT_CONVERSION = YES;
				CLANG_WARN_NON_LITERAL_NULL_CONVERSION = YES;
				CLANG_WARN_OBJC_IMPLICIT_RETAIN_SELF = YES;
				CLANG_WARN_OBJC_LITERAL_CONVERSION = YES;
				CLANG_WARN_OBJC_ROOT_CLASS = YES_ERROR;
				CLANG_WARN_QUOTED_INCLUDE_IN_FRAMEWORK_HEADER = YES;
				CLANG_WARN_RANGE_LOOP_ANALYSIS = YES;
				CLANG_WARN_STRICT_PROTOTYPES = YES;
				CLANG_WARN_SUSPICIOUS_MOVE = YES;
				CLANG_WARN_UNGUARDED_AVAILABILITY = YES_AGGRESSIVE;
				CLANG_WARN_UNREACHABLE_CODE = YES;
				CLANG_WARN__DUPLICATE_METHOD_MATCH = YES;
				COPY_PHASE_STRIP = NO;
				DEBUG_INFORMATION_FORMAT = dwarf;
				ENABLE_STRICT_OBJC_MSGSEND = YES;
				ENABLE_TESTABILITY = YES;
				GCC_C_LANGUAGE_STANDARD = gnu11;
				GCC_DYNAMIC_NO_PIC = NO;
				GCC_NO_COMMON_BLOCKS = YES;
				GCC_OPTIMIZATION_LEVEL = 0;
				GCC_PREPROCESSOR_DEFINITIONS = (
					"DEBUG=1",
					"$(inherited)",
				);
				GCC_WARN_64_TO_32_BIT_CONVERSION = YES;
				GCC_WARN_ABOUT_RETURN_TYPE = YES_ERROR;
				GCC_WARN_UNDECLARED_SELECTOR = YES;
				GCC_WARN_UNINITIALIZED_AUTOS = YES_AGGRESSIVE;
				GCC_WARN_UNUSED_FUNCTION = YES;
				GCC_WARN_UNUSED_VARIABLE = YES;
				IPHONEOS_DEPLOYMENT_TARGET = 14.2;
				MTL_ENABLE_DEBUG_INFO = INCLUDE_SOURCE;
				MTL_FAST_MATH = YES;
				ONLY_ACTIVE_ARCH = YES;
				SDKROOT = iphoneos;
				SWIFT_ACTIVE_COMPILATION_CONDITIONS = DEBUG;
				SWIFT_OPTIMIZATION_LEVEL = "-Onone";
			};
			name = Debug;
		};
		4122812E2573084B00FE373B /* Release */ = {
			isa = XCBuildConfiguration;
			buildSettings = {
				ALWAYS_SEARCH_USER_PATHS = NO;
				CLANG_ANALYZER_NONNULL = YES;
				CLANG_ANALYZER_NUMBER_OBJECT_CONVERSION = YES_AGGRESSIVE;
				CLANG_CXX_LANGUAGE_STANDARD = "gnu++14";
				CLANG_CXX_LIBRARY = "libc++";
				CLANG_ENABLE_MODULES = YES;
				CLANG_ENABLE_OBJC_ARC = YES;
				CLANG_ENABLE_OBJC_WEAK = YES;
				CLANG_WARN_BLOCK_CAPTURE_AUTORELEASING = YES;
				CLANG_WARN_BOOL_CONVERSION = YES;
				CLANG_WARN_COMMA = YES;
				CLANG_WARN_CONSTANT_CONVERSION = YES;
				CLANG_WARN_DEPRECATED_OBJC_IMPLEMENTATIONS = YES;
				CLANG_WARN_DIRECT_OBJC_ISA_USAGE = YES_ERROR;
				CLANG_WARN_DOCUMENTATION_COMMENTS = YES;
				CLANG_WARN_EMPTY_BODY = YES;
				CLANG_WARN_ENUM_CONVERSION = YES;
				CLANG_WARN_INFINITE_RECURSION = YES;
				CLANG_WARN_INT_CONVERSION = YES;
				CLANG_WARN_NON_LITERAL_NULL_CONVERSION = YES;
				CLANG_WARN_OBJC_IMPLICIT_RETAIN_SELF = YES;
				CLANG_WARN_OBJC_LITERAL_CONVERSION = YES;
				CLANG_WARN_OBJC_ROOT_CLASS = YES_ERROR;
				CLANG_WARN_QUOTED_INCLUDE_IN_FRAMEWORK_HEADER = YES;
				CLANG_WARN_RANGE_LOOP_ANALYSIS = YES;
				CLANG_WARN_STRICT_PROTOTYPES = YES;
				CLANG_WARN_SUSPICIOUS_MOVE = YES;
				CLANG_WARN_UNGUARDED_AVAILABILITY = YES_AGGRESSIVE;
				CLANG_WARN_UNREACHABLE_CODE = YES;
				CLANG_WARN__DUPLICATE_METHOD_MATCH = YES;
				COPY_PHASE_STRIP = NO;
				DEBUG_INFORMATION_FORMAT = "dwarf-with-dsym";
				ENABLE_NS_ASSERTIONS = NO;
				ENABLE_STRICT_OBJC_MSGSEND = YES;
				GCC_C_LANGUAGE_STANDARD = gnu11;
				GCC_NO_COMMON_BLOCKS = YES;
				GCC_WARN_64_TO_32_BIT_CONVERSION = YES;
				GCC_WARN_ABOUT_RETURN_TYPE = YES_ERROR;
				GCC_WARN_UNDECLARED_SELECTOR = YES;
				GCC_WARN_UNINITIALIZED_AUTOS = YES_AGGRESSIVE;
				GCC_WARN_UNUSED_FUNCTION = YES;
				GCC_WARN_UNUSED_VARIABLE = YES;
				IPHONEOS_DEPLOYMENT_TARGET = 14.2;
				MTL_ENABLE_DEBUG_INFO = NO;
				MTL_FAST_MATH = YES;
				SDKROOT = iphoneos;
				SWIFT_COMPILATION_MODE = wholemodule;
				SWIFT_OPTIMIZATION_LEVEL = "-O";
				VALIDATE_PRODUCT = YES;
			};
			name = Release;
		};
		412281302573084B00FE373B /* Debug */ = {
			isa = XCBuildConfiguration;
			buildSettings = {
				ASSETCATALOG_COMPILER_APPICON_NAME = AppIcon;
				ASSETCATALOG_COMPILER_GLOBAL_ACCENT_COLOR_NAME = AccentColor;
				CODE_SIGN_STYLE = Automatic;
				CURRENT_PROJECT_VERSION = 3;
				DEVELOPMENT_ASSET_PATHS = "\"KanaCrono/Preview Content\"";
				DEVELOPMENT_TEAM = RSEH385M54;
				ENABLE_PREVIEWS = YES;
				INFOPLIST_FILE = KanaCrono/Info.plist;
				IPHONEOS_DEPLOYMENT_TARGET = 14.0;
				LD_RUNPATH_SEARCH_PATHS = (
					"$(inherited)",
					"@executable_path/Frameworks",
				);
				MARKETING_VERSION = 1.0.2;
				PRODUCT_BUNDLE_IDENTIFIER = com.jaureguialzo.KanaCrono;
				PRODUCT_NAME = "$(TARGET_NAME)";
				SWIFT_VERSION = 5.0;
				TARGETED_DEVICE_FAMILY = 1;
			};
			name = Debug;
		};
		412281312573084B00FE373B /* Release */ = {
			isa = XCBuildConfiguration;
			buildSettings = {
				ASSETCATALOG_COMPILER_APPICON_NAME = AppIcon;
				ASSETCATALOG_COMPILER_GLOBAL_ACCENT_COLOR_NAME = AccentColor;
				CODE_SIGN_STYLE = Automatic;
				CURRENT_PROJECT_VERSION = 3;
				DEVELOPMENT_ASSET_PATHS = "\"KanaCrono/Preview Content\"";
				DEVELOPMENT_TEAM = RSEH385M54;
				ENABLE_PREVIEWS = YES;
				INFOPLIST_FILE = KanaCrono/Info.plist;
				IPHONEOS_DEPLOYMENT_TARGET = 14.0;
				LD_RUNPATH_SEARCH_PATHS = (
					"$(inherited)",
					"@executable_path/Frameworks",
				);
				MARKETING_VERSION = 1.0.2;
				PRODUCT_BUNDLE_IDENTIFIER = com.jaureguialzo.KanaCrono;
				PRODUCT_NAME = "$(TARGET_NAME)";
				SWIFT_VERSION = 5.0;
				TARGETED_DEVICE_FAMILY = 1;
			};
			name = Release;
		};
		415EBF47258FCA8900FDF680 /* Debug */ = {
			isa = XCBuildConfiguration;
			buildSettings = {
				CODE_SIGN_STYLE = Automatic;
				DEVELOPMENT_TEAM = RSEH385M54;
				INFOPLIST_FILE = KanaCronoUITests/Info.plist;
				IPHONEOS_DEPLOYMENT_TARGET = 14.3;
				LD_RUNPATH_SEARCH_PATHS = (
					"$(inherited)",
					"@executable_path/Frameworks",
					"@loader_path/Frameworks",
				);
				PRODUCT_BUNDLE_IDENTIFIER = com.jaureguialzo.KanaCronoUITests;
				PRODUCT_NAME = "$(TARGET_NAME)";
				SWIFT_VERSION = 5.0;
				TARGETED_DEVICE_FAMILY = "1,2";
				TEST_TARGET_NAME = KanaCrono;
			};
			name = Debug;
		};
		415EBF48258FCA8900FDF680 /* Release */ = {
			isa = XCBuildConfiguration;
			buildSettings = {
				CODE_SIGN_STYLE = Automatic;
				DEVELOPMENT_TEAM = RSEH385M54;
				INFOPLIST_FILE = KanaCronoUITests/Info.plist;
				IPHONEOS_DEPLOYMENT_TARGET = 14.3;
				LD_RUNPATH_SEARCH_PATHS = (
					"$(inherited)",
					"@executable_path/Frameworks",
					"@loader_path/Frameworks",
				);
				PRODUCT_BUNDLE_IDENTIFIER = com.jaureguialzo.KanaCronoUITests;
				PRODUCT_NAME = "$(TARGET_NAME)";
				SWIFT_VERSION = 5.0;
				TARGETED_DEVICE_FAMILY = "1,2";
				TEST_TARGET_NAME = KanaCrono;
			};
			name = Release;
		};
/* End XCBuildConfiguration section */

/* Begin XCConfigurationList section */
		4122811B2573084A00FE373B /* Build configuration list for PBXProject "KanaCrono" */ = {
			isa = XCConfigurationList;
			buildConfigurations = (
				4122812D2573084B00FE373B /* Debug */,
				4122812E2573084B00FE373B /* Release */,
			);
			defaultConfigurationIsVisible = 0;
			defaultConfigurationName = Release;
		};
		4122812F2573084B00FE373B /* Build configuration list for PBXNativeTarget "KanaCrono" */ = {
			isa = XCConfigurationList;
			buildConfigurations = (
				412281302573084B00FE373B /* Debug */,
				412281312573084B00FE373B /* Release */,
			);
			defaultConfigurationIsVisible = 0;
			defaultConfigurationName = Release;
		};
		415EBF49258FCA8900FDF680 /* Build configuration list for PBXNativeTarget "KanaCronoUITests" */ = {
			isa = XCConfigurationList;
			buildConfigurations = (
				415EBF47258FCA8900FDF680 /* Debug */,
				415EBF48258FCA8900FDF680 /* Release */,
			);
			defaultConfigurationIsVisible = 0;
			defaultConfigurationName = Release;
		};
/* End XCConfigurationList section */
	};
	rootObject = 412281182573084A00FE373B /* Project object */;
}
